# This file was autogenerated by Stack.
# You should not edit this file by hand.
# For more information, please see the documentation at:
#   https://docs.haskellstack.org/en/stable/lock_files

packages:
- completed:
    hackage: hedgehog-classes-0.2.4.1@sha256:9097738d37a8dec291f6478639dfc02857df160cc5b8fc7f7ab7e9a9130c25b1,5404
    pantry-tree:
      size: 5059
      sha256: a9e04bb05b0d5426e4bf5d024786c694d00075bd0effc40b9c752aea8bd7ecf2
  original:
    hackage: hedgehog-classes-0.2.4.1
- completed:
    hackage: polysemy-1.3.0.0@sha256:bf1d559c7e26e8a0ed31fc45d84635e329a4a31bfd39e713a39adf639bcbd309,6141
    pantry-tree:
      size: 4309
      sha256: 770af8c91981ccb8fe388ba62897fdf4eb394df433ab10def66d6e111b6f09f7
  original:
    hackage: polysemy-1.3.0.0
- completed:
    hackage: polysemy-plugin-0.2.5.0@sha256:67e30be568a141b852aace1a60e180cb5060fbb2835365a81a3ea779536d6d35,2952
    pantry-tree:
      size: 1232
      sha256: 5c90dac2eba48b4e337b302347c233ecaedb63e333641e094e718a548ac86711
  original:
    hackage: polysemy-plugin-0.2.5.0
- completed:
    hackage: ghc-tcplugins-extra-0.3.2@sha256:1bbfd4449c3669a31618ea0ebc5d00d980a53988daad3b6218bab5c8cdff268d,1687
    pantry-tree:
      size: 331
      sha256: 4b16989344380c912e476dc232cc58264837b498e31a8bf16a17092ba6c1cfb9
  original:
    hackage: ghc-tcplugins-extra-0.3.2
snapshots:
- completed:
    size: 491389
    url: https://raw.githubusercontent.com/commercialhaskell/stackage-snapshots/master/lts/15/7.yaml
    sha256: 92ab6303fe20ec928461c82ce0980b4d17c06f4e66205a2967e476474f686c17
  original: lts-15.7
